// !$*UTF8*$!
{
	archiveVersion = 1;
	classes = {
	};
	objectVersion = 50;
	objects = {

/* Begin PBXBuildFile section */
		359147D5242D609400E03ACA /* AppDelegate.m in Sources */ = {isa = PBXBuildFile; fileRef = 359147D4242D609400E03ACA /* AppDelegate.m */; };
		359147D8242D609400E03ACA /* SceneDelegate.m in Sources */ = {isa = PBXBuildFile; fileRef = 359147D7242D609400E03ACA /* SceneDelegate.m */; };
		359147DB242D609400E03ACA /* ViewController.m in Sources */ = {isa = PBXBuildFile; fileRef = 359147DA242D609400E03ACA /* ViewController.m */; };
		359147DE242D609400E03ACA /* Main.storyboard in Resources */ = {isa = PBXBuildFile; fileRef = 359147DC242D609400E03ACA /* Main.storyboard */; };
		359147E0242D609600E03ACA /* Assets.xcassets in Resources */ = {isa = PBXBuildFile; fileRef = 359147DF242D609600E03ACA /* Assets.xcassets */; };
		359147E3242D609600E03ACA /* LaunchScreen.storyboard in Resources */ = {isa = PBXBuildFile; fileRef = 359147E1242D609600E03ACA /* LaunchScreen.storyboard */; };
		359147E6242D609600E03ACA /* main.m in Sources */ = {isa = PBXBuildFile; fileRef = 359147E5242D609600E03ACA /* main.m */; };
/* End PBXBuildFile section */

/* Begin PBXFileReference section */
		359147D0242D609400E03ACA /* MemeGeneratorObjC.app */ = {isa = PBXFileReference; explicitFileType = wrapper.application; includeInIndex = 0; path = MemeGeneratorObjC.app; sourceTree = BUILT_PRODUCTS_DIR; };
		359147D3242D609400E03ACA /* AppDelegate.h */ = {isa = PBXFileReference; lastKnownFileType = sourcecode.c.h; path = AppDelegate.h; sourceTree = "<group>"; };
		359147D4242D609400E03ACA /* AppDelegate.m */ = {isa = PBXFileReference; lastKnownFileType = sourcecode.c.objc; path = AppDelegate.m; sourceTree = "<group>"; };
		359147D6242D609400E03ACA /* SceneDelegate.h */ = {isa = PBXFileReference; lastKnownFileType = sourcecode.c.h; path = SceneDelegate.h; sourceTree = "<group>"; };
		359147D7242D609400E03ACA /* SceneDelegate.m */ = {isa = PBXFileReference; lastKnownFileType = sourcecode.c.objc; path = SceneDelegate.m; sourceTree = "<group>"; };
		359147D9242D609400E03ACA /* ViewController.h */ = {isa = PBXFileReference; lastKnownFileType = sourcecode.c.h; path = ViewController.h; sourceTree = "<group>"; };
		359147DA242D609400E03ACA /* ViewController.m */ = {isa = PBXFileReference; lastKnownFileType = sourcecode.c.objc; path = ViewController.m; sourceTree = "<group>"; };
		359147DD242D609400E03ACA /* Base */ = {isa = PBXFileReference; lastKnownFileType = file.storyboard; name = Base; path = Base.lproj/Main.storyboard; sourceTree = "<group>"; };
		359147DF242D609600E03ACA /* Assets.xcassets */ = {isa = PBXFileReference; lastKnownFileType = folder.assetcatalog; path = Assets.xcassets; sourceTree = "<group>"; };
		359147E2242D609600E03ACA /* Base */ = {isa = PBXFileReference; lastKnownFileType = file.storyboard; name = Base; path = Base.lproj/LaunchScreen.storyboard; sourceTree = "<group>"; };
		359147E4242D609600E03ACA /* Info.plist */ = {isa = PBXFileReference; lastKnownFileType = text.plist.xml; path = Info.plist; sourceTree = "<group>"; };
		359147E5242D609600E03ACA /* main.m */ = {isa = PBXFileReference; lastKnownFileType = sourcecode.c.objc; path = main.m; sourceTree = "<group>"; };
/* End PBXFileReference section */

/* Begin PBXFrameworksBuildPhase section */
		359147CD242D609400E03ACA /* Frameworks */ = {
			isa = PBXFrameworksBuildPhase;
			buildActionMask = 2147483647;
			files = (
			);
			runOnlyForDeploymentPostprocessing = 0;
		};
/* End PBXFrameworksBuildPhase section */

/* Begin PBXGroup section */
		359147C7242D609400E03ACA = {
			isa = PBXGroup;
			children = (
				359147D2242D609400E03ACA /* MemeGeneratorObjC */,
				359147D1242D609400E03ACA /* Products */,
			);
			sourceTree = "<group>";
		};
		359147D1242D609400E03ACA /* Products */ = {
			isa = PBXGroup;
			children = (
				359147D0242D609400E03ACA /* MemeGeneratorObjC.app */,
			);
			name = Products;
			sourceTree = "<group>";
		};
		359147D2242D609400E03ACA /* MemeGeneratorObjC */ = {
			isa = PBXGroup;
			children = (
				359147D3242D609400E03ACA /* AppDelegate.h */,
				359147D4242D609400E03ACA /* AppDelegate.m */,
				359147D6242D609400E03ACA /* SceneDelegate.h */,
				359147D7242D609400E03ACA /* SceneDelegate.m */,
				359147D9242D609400E03ACA /* ViewController.h */,
				359147DA242D609400E03ACA /* ViewController.m */,
				359147DC242D609400E03ACA /* Main.storyboard */,
				359147DF242D609600E03ACA /* Assets.xcassets */,
				359147E1242D609600E03ACA /* LaunchScreen.storyboard */,
				359147E4242D609600E03ACA /* Info.plist */,
				359147E5242D609600E03ACA /* main.m */,
			);
			path = MemeGeneratorObjC;
			sourceTree = "<group>";
		};
/* End PBXGroup section */

/* Begin PBXNativeTarget section */
		359147CF242D609400E03ACA /* MemeGeneratorObjC */ = {
			isa = PBXNativeTarget;
			buildConfigurationList = 359147E9242D609600E03ACA /* Build configuration list for PBXNativeTarget "MemeGeneratorObjC" */;
			buildPhases = (
				359147CC242D609400E03ACA /* Sources */,
				359147CD242D609400E03ACA /* Frameworks */,
				359147CE242D609400E03ACA /* Resources */,
			);
			buildRules = (
			);
			dependencies = (
			);
			name = MemeGeneratorObjC;
			productName = MemeGeneratorObjC;
			productReference = 359147D0242D609400E03ACA /* MemeGeneratorObjC.app */;
			productType = "com.apple.product-type.application";
		};
/* End PBXNativeTarget section */

/* Begin PBXProject section */
		359147C8242D609400E03ACA /* Project object */ = {
			isa = PBXProject;
			attributes = {
				LastUpgradeCheck = 1140;
				ORGANIZATIONNAME = "Kelsey Sparkman";
				TargetAttributes = {
					359147CF242D609400E03ACA = {
						CreatedOnToolsVersion = 11.4;
					};
				};
			};
			buildConfigurationList = 359147CB242D609400E03ACA /* Build configuration list for PBXProject "MemeGeneratorObjC" */;
			compatibilityVersion = "Xcode 9.3";
			developmentRegion = en;
			hasScannedForEncodings = 0;
			knownRegions = (
				en,
				Base,
			);
			mainGroup = 359147C7242D609400E03ACA;
			productRefGroup = 359147D1242D609400E03ACA /* Products */;
			projectDirPath = "";
			projectRoot = "";
			targets = (
				359147CF242D609400E03ACA /* MemeGeneratorObjC */,
			);
		};
/* End PBXProject section */

/* Begin PBXResourcesBuildPhase section */
		359147CE242D609400E03ACA /* Resources */ = {
			isa = PBXResourcesBuildPhase;
			buildActionMask = 2147483647;
			files = (
				359147E3242D609600E03ACA /* LaunchScreen.storyboard in Resources */,
				359147E0242D609600E03ACA /* Assets.xcassets in Resources */,
				359147DE242D609400E03ACA /* Main.storyboard in Resources */,
			);
			runOnlyForDeploymentPostprocessing = 0;
		};
/* End PBXResourcesBuildPhase section */

/* Begin PBXSourcesBuildPhase section */
		359147CC242D609400E03ACA /* Sources */ = {
			isa = PBXSourcesBuildPhase;
			buildActionMask = 2147483647;
			files = (
				359147DB242D609400E03ACA /* ViewController.m in Sources */,
				359147D5242D609400E03ACA /* AppDelegate.m in Sources */,
				359147E6242D609600E03ACA /* main.m in Sources */,
				359147D8242D609400E03ACA /* SceneDelegate.m in Sources */,
			);
			runOnlyForDeploymentPostprocessing = 0;
		};
/* End PBXSourcesBuildPhase section */

/* Begin PBXVariantGroup section */
		359147DC242D609400E03ACA /* Main.storyboard */ = {
			isa = PBXVariantGroup;
			children = (
				359147DD242D609400E03ACA /* Base */,
			);
			name = Main.storyboard;
			sourceTree = "<group>";
		};
		359147E1242D609600E03ACA /* LaunchScreen.storyboard */ = {
			isa = PBXVariantGroup;
			children = (
				359147E2242D609600E03ACA /* Base */,
			);
			name = LaunchScreen.storyboard;
			sourceTree = "<group>";
		};
/* End PBXVariantGroup section */

/* Begin XCBuildConfiguration section */
		359147E7242D609600E03ACA /* Debug */ = {
			isa = XCBuildConfiguration;
			buildSettings = {
				ALWAYS_SEARCH_USER_PATHS = NO;
				CLANG_ANALYZER_NONNULL = YES;
				CLANG_ANALYZER_NUMBER_OBJECT_CONVERSION = YES_AGGRESSIVE;
				CLANG_CXX_LANGUAGE_STANDARD = "gnu++14";
				CLANG_CXX_LIBRARY = "libc++";
				CLANG_ENABLE_MODULES = YES;
				CLANG_ENABLE_OBJC_ARC = YES;
				CLANG_ENABLE_OBJC_WEAK = YES;
				CLANG_WARN_BLOCK_CAPTURE_AUTORELEASING = YES;
				CLANG_WARN_BOOL_CONVERSION = YES;
				CLANG_WARN_COMMA = YES;
				CLANG_WARN_CONSTANT_CONVERSION = YES;
				CLANG_WARN_DEPRECATED_OBJC_IMPLEMENTATIONS = YES;
				CLANG_WARN_DIRECT_OBJC_ISA_USAGE = YES_ERROR;
				CLANG_WARN_DOCUMENTATION_COMMENTS = YES;
				CLANG_WARN_EMPTY_BODY = YES;
				CLANG_WARN_ENUM_CONVERSION = YES;
				CLANG_WARN_INFINITE_RECURSION = YES;
				CLANG_WARN_INT_CONVERSION = YES;
				CLANG_WARN_NON_LITERAL_NULL_CONVERSION = YES;
				CLANG_WARN_OBJC_IMPLICIT_RETAIN_SELF = YES;
				CLANG_WARN_OBJC_LITERAL_CONVERSION = YES;
				CLANG_WARN_OBJC_ROOT_CLASS = YES_ERROR;
				CLANG_WARN_RANGE_LOOP_ANALYSIS = YES;
				CLANG_WARN_STRICT_PROTOTYPES = YES;
				CLANG_WARN_SUSPICIOUS_MOVE = YES;
				CLANG_WARN_UNGUARDED_AVAILABILITY = YES_AGGRESSIVE;
				CLANG_WARN_UNREACHABLE_CODE = YES;
				CLANG_WARN__DUPLICATE_METHOD_MATCH = YES;
				COPY_PHASE_STRIP = NO;
				DEBUG_INFORMATION_FORMAT = dwarf;
				ENABLE_STRICT_OBJC_MSGSEND = YES;
				ENABLE_TESTABILITY = YES;
				GCC_C_LANGUAGE_STANDARD = gnu11;
				GCC_DYNAMIC_NO_PIC = NO;
				GCC_NO_COMMON_BLOCKS = YES;
				GCC_OPTIMIZATION_LEVEL = 0;
				GCC_PREPROCESSOR_DEFINITIONS = (
					"DEBUG=1",
					"$(inherited)",
				);
				GCC_WARN_64_TO_32_BIT_CONVERSION = YES;
				GCC_WARN_ABOUT_RETURN_TYPE = YES_ERROR;
				GCC_WARN_UNDECLARED_SELECTOR = YES;
				GCC_WARN_UNINITIALIZED_AUTOS = YES_AGGRESSIVE;
				GCC_WARN_UNUSED_FUNCTION = YES;
				GCC_WARN_UNUSED_VARIABLE = YES;
				IPHONEOS_DEPLOYMENT_TARGET = 13.4;
				MTL_ENABLE_DEBUG_INFO = INCLUDE_SOURCE;
				MTL_FAST_MATH = YES;
				ONLY_ACTIVE_ARCH = YES;
				SDKROOT = iphoneos;
			};
			name = Debug;
		};
		359147E8242D609600E03ACA /* Release */ = {
			isa = XCBuildConfiguration;
			buildSettings = {
				ALWAYS_SEARCH_USER_PATHS = NO;
				CLANG_ANALYZER_NONNULL = YES;
				CLANG_ANALYZER_NUMBER_OBJECT_CONVERSION = YES_AGGRESSIVE;
				CLANG_CXX_LANGUAGE_STANDARD = "gnu++14";
				CLANG_CXX_LIBRARY = "libc++";
				CLANG_ENABLE_MODULES = YES;
				CLANG_ENABLE_OBJC_ARC = YES;
				CLANG_ENABLE_OBJC_WEAK = YES;
				CLANG_WARN_BLOCK_CAPTURE_AUTORELEASING = YES;
				CLANG_WARN_BOOL_CONVERSION = YES;
				CLANG_WARN_COMMA = YES;
				CLANG_WARN_CONSTANT_CONVERSION = YES;
				CLANG_WARN_DEPRECATED_OBJC_IMPLEMENTATIONS = YES;
				CLANG_WARN_DIRECT_OBJC_ISA_USAGE = YES_ERROR;
				CLANG_WARN_DOCUMENTATION_COMMENTS = YES;
				CLANG_WARN_EMPTY_BODY = YES;
				CLANG_WARN_ENUM_CONVERSION = YES;
				CLANG_WARN_INFINITE_RECURSION = YES;
				CLANG_WARN_INT_CONVERSION = YES;
				CLANG_WARN_NON_LITERAL_NULL_CONVERSION = YES;
				CLANG_WARN_OBJC_IMPLICIT_RETAIN_SELF = YES;
				CLANG_WARN_OBJC_LITERAL_CONVERSION = YES;
				CLANG_WARN_OBJC_ROOT_CLASS = YES_ERROR;
				CLANG_WARN_RANGE_LOOP_ANALYSIS = YES;
				CLANG_WARN_STRICT_PROTOTYPES = YES;
				CLANG_WARN_SUSPICIOUS_MOVE = YES;
				CLANG_WARN_UNGUARDED_AVAILABILITY = YES_AGGRESSIVE;
				CLANG_WARN_UNREACHABLE_CODE = YES;
				CLANG_WARN__DUPLICATE_METHOD_MATCH = YES;
				COPY_PHASE_STRIP = NO;
				DEBUG_INFORMATION_FORMAT = "dwarf-with-dsym";
				ENABLE_NS_ASSERTIONS = NO;
				ENABLE_STRICT_OBJC_MSGSEND = YES;
				GCC_C_LANGUAGE_STANDARD = gnu11;
				GCC_NO_COMMON_BLOCKS = YES;
				GCC_WARN_64_TO_32_BIT_CONVERSION = YES;
				GCC_WARN_ABOUT_RETURN_TYPE = YES_ERROR;
				GCC_WARN_UNDECLARED_SELECTOR = YES;
				GCC_WARN_UNINITIALIZED_AUTOS = YES_AGGRESSIVE;
				GCC_WARN_UNUSED_FUNCTION = YES;
				GCC_WARN_UNUSED_VARIABLE = YES;
				IPHONEOS_DEPLOYMENT_TARGET = 13.4;
				MTL_ENABLE_DEBUG_INFO = NO;
				MTL_FAST_MATH = YES;
				SDKROOT = iphoneos;
				VALIDATE_PRODUCT = YES;
			};
			name = Release;
		};
		359147EA242D609600E03ACA /* Debug */ = {
			isa = XCBuildConfiguration;
			buildSettings = {
				ASSETCATALOG_COMPILER_APPICON_NAME = AppIcon;
				CODE_SIGN_STYLE = Automatic;
				INFOPLIST_FILE = MemeGeneratorObjC/Info.plist;
				LD_RUNPATH_SEARCH_PATHS = (
					"$(inherited)",
					"@executable_path/Frameworks",
				);
				PRODUCT_BUNDLE_IDENTIFIER = com.DMA.MemeGeneratorObjC;
				PRODUCT_NAME = "$(TARGET_NAME)";
				TARGETED_DEVICE_FAMILY = "1,2";
			};
			name = Debug;
		};
		359147EB242D609600E03ACA /* Release */ = {
			isa = XCBuildConfiguration;
			buildSettings = {
				ASSETCATALOG_COMPILER_APPICON_NAME = AppIcon;
				CODE_SIGN_STYLE = Automatic;
				INFOPLIST_FILE = MemeGeneratorObjC/Info.plist;
				LD_RUNPATH_SEARCH_PATHS = (
					"$(inherited)",
					"@executable_path/Frameworks",
				);
				PRODUCT_BUNDLE_IDENTIFIER = com.DMA.MemeGeneratorObjC;
				PRODUCT_NAME = "$(TARGET_NAME)";
				TARGETED_DEVICE_FAMILY = "1,2";
			};
			name = Release;
		};
/* End XCBuildConfiguration section */

/* Begin XCConfigurationList section */
		359147CB242D609400E03ACA /* Build configuration list for PBXProject "MemeGeneratorObjC" */ = {
			isa = XCConfigurationList;
			buildConfigurations = (
				359147E7242D609600E03ACA /* Debug */,
				359147E8242D609600E03ACA /* Release */,
			);
			defaultConfigurationIsVisible = 0;
			defaultConfigurationName = Release;
		};
		359147E9242D609600E03ACA /* Build configuration list for PBXNativeTarget "MemeGeneratorObjC" */ = {
			isa = XCConfigurationList;
			buildConfigurations = (
				359147EA242D609600E03ACA /* Debug */,
				359147EB242D609600E03ACA /* Release */,
			);
			defaultConfigurationIsVisible = 0;
			defaultConfigurationName = Release;
		};
/* End XCConfigurationList section */
	};
	rootObject = 359147C8242D609400E03ACA /* Project object */;
}
